
Microsoft Visual Studio Solution File, Format Version 10.00
# Visual Studio 2008
Project("{FAE04EC0-301F-11D3-BF4B-00C04F79EFBC}") = "DAL", "DAL\DAL.csproj", "{4110E676-1ADB-4498-BE3F-7FED87E14EC2}"
EndProject
Project("{FAE04EC0-301F-11D3-BF4B-00C04F79EFBC}") = "BLL", "BLL\BLL.csproj", "{CC87C25D-E830-4566-A897-7E889A4F7A95}"
EndProject
Project("{FAE04EC0-301F-11D3-BF4B-00C04F79EFBC}") = "linkemen", "linkemen\linkemen.csproj", "{5727B5EA-FE13-4F81-8502-EE547EEC8CE0}"
EndProject
Project("{FAE04EC0-301F-11D3-BF4B-00C04F79EFBC}") = "UsefulAPIs", "UsefulAPIs\UsefulAPIs.csproj", "{81A72A20-0D77-48BF-AA3D-8E4D7C7C5F55}"
EndProject
Global
	GlobalSection(SolutionConfigurationPlatforms) = preSolution
		Debug|Any CPU = Debug|Any CPU
		Release|Any CPU = Release|Any CPU
	EndGlobalSection
	GlobalSection(ProjectConfigurationPlatforms) = postSolution
		{4110E676-1ADB-4498-BE3F-7FED87E14EC2}.Debug|Any CPU.ActiveCfg = Debug|Any CPU
		{4110E676-1ADB-4498-BE3F-7FED87E14EC2}.Debug|Any CPU.Build.0 = Debug|Any CPU
		{4110E676-1ADB-4498-BE3F-7FED87E14EC2}.Release|Any CPU.ActiveCfg = Release|Any CPU
		{4110E676-1ADB-4498-BE3F-7FED87E14EC2}.Release|Any CPU.Build.0 = Release|Any CPU
		{CC87C25D-E830-4566-A897-7E889A4F7A95}.Debug|Any CPU.ActiveCfg = Debug|Any CPU
		{CC87C25D-E830-4566-A897-7E889A4F7A95}.Debug|Any CPU.Build.0 = Debug|Any CPU
		{CC87C25D-E830-4566-A897-7E889A4F7A95}.Release|Any CPU.ActiveCfg = Release|Any CPU
		{CC87C25D-E830-4566-A897-7E889A4F7A95}.Release|Any CPU.Build.0 = Release|Any CPU
		{5727B5EA-FE13-4F81-8502-EE547EEC8CE0}.Debug|Any CPU.ActiveCfg = Debug|Any CPU
		{5727B5EA-FE13-4F81-8502-EE547EEC8CE0}.Debug|Any CPU.Build.0 = Debug|Any CPU
		{5727B5EA-FE13-4F81-8502-EE547EEC8CE0}.Release|Any CPU.ActiveCfg = Release|Any CPU
		{5727B5EA-FE13-4F81-8502-EE547EEC8CE0}.Release|Any CPU.Build.0 = Release|Any CPU
		{81A72A20-0D77-48BF-AA3D-8E4D7C7C5F55}.Debug|Any CPU.ActiveCfg = Debug|Any CPU
		{81A72A20-0D77-48BF-AA3D-8E4D7C7C5F55}.Debug|Any CPU.Build.0 = Debug|Any CPU
		{81A72A20-0D77-48BF-AA3D-8E4D7C7C5F55}.Release|Any CPU.ActiveCfg = Release|Any CPU
		{81A72A20-0D77-48BF-AA3D-8E4D7C7C5F55}.Release|Any CPU.Build.0 = Release|Any CPU
	EndGlobalSection
	GlobalSection(SolutionProperties) = preSolution
		HideSolutionNode = FALSE
	EndGlobalSection
EndGlobal
